// !$*UTF8*$!
{
	archiveVersion = 1;
	classes = {
	};
	objectVersion = 46;
	objects = {

/* Begin PBXBuildFile section */
		6F707E951A319C9C0062573F /* main.m in Sources */ = {isa = PBXBuildFile; fileRef = 6F707E941A319C9C0062573F /* main.m */; };
		6F707E981A319C9C0062573F /* AppDelegate.m in Sources */ = {isa = PBXBuildFile; fileRef = 6F707E971A319C9C0062573F /* AppDelegate.m */; };
		6F707E9B1A319C9C0062573F /* ViewController.m in Sources */ = {isa = PBXBuildFile; fileRef = 6F707E9A1A319C9C0062573F /* ViewController.m */; };
		6F707E9E1A319C9C0062573F /* Main.storyboard in Resources */ = {isa = PBXBuildFile; fileRef = 6F707E9C1A319C9C0062573F /* Main.storyboard */; };
		6F707EA01A319C9C0062573F /* Images.xcassets in Resources */ = {isa = PBXBuildFile; fileRef = 6F707E9F1A319C9C0062573F /* Images.xcassets */; };
		6F707EA31A319C9C0062573F /* LaunchScreen.xib in Resources */ = {isa = PBXBuildFile; fileRef = 6F707EA11A319C9C0062573F /* LaunchScreen.xib */; };
		6F707EAF1A319C9C0062573F /* TeamMembersAppTests.m in Sources */ = {isa = PBXBuildFile; fileRef = 6F707EAE1A319C9C0062573F /* TeamMembersAppTests.m */; };
/* End PBXBuildFile section */

/* Begin PBXContainerItemProxy section */
		6F707EA91A319C9C0062573F /* PBXContainerItemProxy */ = {
			isa = PBXContainerItemProxy;
			containerPortal = 6F707E871A319C9B0062573F /* Project object */;
			proxyType = 1;
			remoteGlobalIDString = 6F707E8E1A319C9C0062573F;
			remoteInfo = TeamMembersApp;
		};
/* End PBXContainerItemProxy section */

/* Begin PBXFileReference section */
		6F707E8F1A319C9C0062573F /* TeamMembersApp.app */ = {isa = PBXFileReference; explicitFileType = wrapper.application; includeInIndex = 0; path = TeamMembersApp.app; sourceTree = BUILT_PRODUCTS_DIR; };
		6F707E931A319C9C0062573F /* Info.plist */ = {isa = PBXFileReference; lastKnownFileType = text.plist.xml; path = Info.plist; sourceTree = "<group>"; };
		6F707E941A319C9C0062573F /* main.m */ = {isa = PBXFileReference; lastKnownFileType = sourcecode.c.objc; path = main.m; sourceTree = "<group>"; };
		6F707E961A319C9C0062573F /* AppDelegate.h */ = {isa = PBXFileReference; lastKnownFileType = sourcecode.c.h; path = AppDelegate.h; sourceTree = "<group>"; };
		6F707E971A319C9C0062573F /* AppDelegate.m */ = {isa = PBXFileReference; lastKnownFileType = sourcecode.c.objc; path = AppDelegate.m; sourceTree = "<group>"; };
		6F707E991A319C9C0062573F /* ViewController.h */ = {isa = PBXFileReference; lastKnownFileType = sourcecode.c.h; path = ViewController.h; sourceTree = "<group>"; };
		6F707E9A1A319C9C0062573F /* ViewController.m */ = {isa = PBXFileReference; lastKnownFileType = sourcecode.c.objc; path = ViewController.m; sourceTree = "<group>"; };
		6F707E9D1A319C9C0062573F /* Base */ = {isa = PBXFileReference; lastKnownFileType = file.storyboard; name = Base; path = Base.lproj/Main.storyboard; sourceTree = "<group>"; };
		6F707E9F1A319C9C0062573F /* Images.xcassets */ = {isa = PBXFileReference; lastKnownFileType = folder.assetcatalog; path = Images.xcassets; sourceTree = "<group>"; };
		6F707EA21A319C9C0062573F /* Base */ = {isa = PBXFileReference; lastKnownFileType = file.xib; name = Base; path = Base.lproj/LaunchScreen.xib; sourceTree = "<group>"; };
		6F707EA81A319C9C0062573F /* TeamMembersAppTests.xctest */ = {isa = PBXFileReference; explicitFileType = wrapper.cfbundle; includeInIndex = 0; path = TeamMembersAppTests.xctest; sourceTree = BUILT_PRODUCTS_DIR; };
		6F707EAD1A319C9C0062573F /* Info.plist */ = {isa = PBXFileReference; lastKnownFileType = text.plist.xml; path = Info.plist; sourceTree = "<group>"; };
		6F707EAE1A319C9C0062573F /* TeamMembersAppTests.m */ = {isa = PBXFileReference; lastKnownFileType = sourcecode.c.objc; path = TeamMembersAppTests.m; sourceTree = "<group>"; };
/* End PBXFileReference section */

/* Begin PBXFrameworksBuildPhase section */
		6F707E8C1A319C9C0062573F /* Frameworks */ = {
			isa = PBXFrameworksBuildPhase;
			buildActionMask = 2147483647;
			files = (
			);
			runOnlyForDeploymentPostprocessing = 0;
		};
		6F707EA51A319C9C0062573F /* Frameworks */ = {
			isa = PBXFrameworksBuildPhase;
			buildActionMask = 2147483647;
			files = (
			);
			runOnlyForDeploymentPostprocessing = 0;
		};
/* End PBXFrameworksBuildPhase section */

/* Begin PBXGroup section */
		6F707E861A319C9B0062573F = {
			isa = PBXGroup;
			children = (
				6F707E911A319C9C0062573F /* TeamMembersApp */,
				6F707EAB1A319C9C0062573F /* TeamMembersAppTests */,
				6F707E901A319C9C0062573F /* Products */,
			);
			sourceTree = "<group>";
		};
		6F707E901A319C9C0062573F /* Products */ = {
			isa = PBXGroup;
			children = (
				6F707E8F1A319C9C0062573F /* TeamMembersApp.app */,
				6F707EA81A319C9C0062573F /* TeamMembersAppTests.xctest */,
			);
			name = Products;
			sourceTree = "<group>";
		};
		6F707E911A319C9C0062573F /* TeamMembersApp */ = {
			isa = PBXGroup;
			children = (
				6F707E961A319C9C0062573F /* AppDelegate.h */,
				6F707E971A319C9C0062573F /* AppDelegate.m */,
				6F707E991A319C9C0062573F /* ViewController.h */,
				6F707E9A1A319C9C0062573F /* ViewController.m */,
				6F707E9C1A319C9C0062573F /* Main.storyboard */,
				6F707E9F1A319C9C0062573F /* Images.xcassets */,
				6F707EA11A319C9C0062573F /* LaunchScreen.xib */,
				6F707E921A319C9C0062573F /* Supporting Files */,
			);
			path = TeamMembersApp;
			sourceTree = "<group>";
		};
		6F707E921A319C9C0062573F /* Supporting Files */ = {
			isa = PBXGroup;
			children = (
				6F707E931A319C9C0062573F /* Info.plist */,
				6F707E941A319C9C0062573F /* main.m */,
			);
			name = "Supporting Files";
			sourceTree = "<group>";
		};
		6F707EAB1A319C9C0062573F /* TeamMembersAppTests */ = {
			isa = PBXGroup;
			children = (
				6F707EAE1A319C9C0062573F /* TeamMembersAppTests.m */,
				6F707EAC1A319C9C0062573F /* Supporting Files */,
			);
			path = TeamMembersAppTests;
			sourceTree = "<group>";
		};
		6F707EAC1A319C9C0062573F /* Supporting Files */ = {
			isa = PBXGroup;
			children = (
				6F707EAD1A319C9C0062573F /* Info.plist */,
			);
			name = "Supporting Files";
			sourceTree = "<group>";
		};
/* End PBXGroup section */

/* Begin PBXNativeTarget section */
		6F707E8E1A319C9C0062573F /* TeamMembersApp */ = {
			isa = PBXNativeTarget;
			buildConfigurationList = 6F707EB21A319C9C0062573F /* Build configuration list for PBXNativeTarget "TeamMembersApp" */;
			buildPhases = (
				6F707E8B1A319C9C0062573F /* Sources */,
				6F707E8C1A319C9C0062573F /* Frameworks */,
				6F707E8D1A319C9C0062573F /* Resources */,
			);
			buildRules = (
			);
			dependencies = (
			);
			name = TeamMembersApp;
			productName = TeamMembersApp;
			productReference = 6F707E8F1A319C9C0062573F /* TeamMembersApp.app */;
			productType = "com.apple.product-type.application";
		};
		6F707EA71A319C9C0062573F /* TeamMembersAppTests */ = {
			isa = PBXNativeTarget;
			buildConfigurationList = 6F707EB51A319C9C0062573F /* Build configuration list for PBXNativeTarget "TeamMembersAppTests" */;
			buildPhases = (
				6F707EA41A319C9C0062573F /* Sources */,
				6F707EA51A319C9C0062573F /* Frameworks */,
				6F707EA61A319C9C0062573F /* Resources */,
			);
			buildRules = (
			);
			dependencies = (
				6F707EAA1A319C9C0062573F /* PBXTargetDependency */,
			);
			name = TeamMembersAppTests;
			productName = TeamMembersAppTests;
			productReference = 6F707EA81A319C9C0062573F /* TeamMembersAppTests.xctest */;
			productType = "com.apple.product-type.bundle.unit-test";
		};
/* End PBXNativeTarget section */

/* Begin PBXProject section */
		6F707E871A319C9B0062573F /* Project object */ = {
			isa = PBXProject;
			attributes = {
				LastUpgradeCheck = 0610;
				ORGANIZATIONNAME = "Aleksandra Zajda";
				TargetAttributes = {
					6F707E8E1A319C9C0062573F = {
						CreatedOnToolsVersion = 6.1;
					};
					6F707EA71A319C9C0062573F = {
						CreatedOnToolsVersion = 6.1;
						TestTargetID = 6F707E8E1A319C9C0062573F;
					};
				};
			};
			buildConfigurationList = 6F707E8A1A319C9B0062573F /* Build configuration list for PBXProject "TeamMembersApp" */;
			compatibilityVersion = "Xcode 3.2";
			developmentRegion = English;
			hasScannedForEncodings = 0;
			knownRegions = (
				en,
				Base,
			);
			mainGroup = 6F707E861A319C9B0062573F;
			productRefGroup = 6F707E901A319C9C0062573F /* Products */;
			projectDirPath = "";
			projectRoot = "";
			targets = (
				6F707E8E1A319C9C0062573F /* TeamMembersApp */,
				6F707EA71A319C9C0062573F /* TeamMembersAppTests */,
			);
		};
/* End PBXProject section */

/* Begin PBXResourcesBuildPhase section */
		6F707E8D1A319C9C0062573F /* Resources */ = {
			isa = PBXResourcesBuildPhase;
			buildActionMask = 2147483647;
			files = (
				6F707E9E1A319C9C0062573F /* Main.storyboard in Resources */,
				6F707EA31A319C9C0062573F /* LaunchScreen.xib in Resources */,
				6F707EA01A319C9C0062573F /* Images.xcassets in Resources */,
			);
			runOnlyForDeploymentPostprocessing = 0;
		};
		6F707EA61A319C9C0062573F /* Resources */ = {
			isa = PBXResourcesBuildPhase;
			buildActionMask = 2147483647;
			files = (
			);
			runOnlyForDeploymentPostprocessing = 0;
		};
/* End PBXResourcesBuildPhase section */

/* Begin PBXSourcesBuildPhase section */
		6F707E8B1A319C9C0062573F /* Sources */ = {
			isa = PBXSourcesBuildPhase;
			buildActionMask = 2147483647;
			files = (
				6F707E9B1A319C9C0062573F /* ViewController.m in Sources */,
				6F707E981A319C9C0062573F /* AppDelegate.m in Sources */,
				6F707E951A319C9C0062573F /* main.m in Sources */,
			);
			runOnlyForDeploymentPostprocessing = 0;
		};
		6F707EA41A319C9C0062573F /* Sources */ = {
			isa = PBXSourcesBuildPhase;
			buildActionMask = 2147483647;
			files = (
				6F707EAF1A319C9C0062573F /* TeamMembersAppTests.m in Sources */,
			);
			runOnlyForDeploymentPostprocessing = 0;
		};
/* End PBXSourcesBuildPhase section */

/* Begin PBXTargetDependency section */
		6F707EAA1A319C9C0062573F /* PBXTargetDependency */ = {
			isa = PBXTargetDependency;
			target = 6F707E8E1A319C9C0062573F /* TeamMembersApp */;
			targetProxy = 6F707EA91A319C9C0062573F /* PBXContainerItemProxy */;
		};
/* End PBXTargetDependency section */

/* Begin PBXVariantGroup section */
		6F707E9C1A319C9C0062573F /* Main.storyboard */ = {
			isa = PBXVariantGroup;
			children = (
				6F707E9D1A319C9C0062573F /* Base */,
			);
			name = Main.storyboard;
			sourceTree = "<group>";
		};
		6F707EA11A319C9C0062573F /* LaunchScreen.xib */ = {
			isa = PBXVariantGroup;
			children = (
				6F707EA21A319C9C0062573F /* Base */,
			);
			name = LaunchScreen.xib;
			sourceTree = "<group>";
		};
/* End PBXVariantGroup section */

/* Begin XCBuildConfiguration section */
		6F707EB01A319C9C0062573F /* Debug */ = {
			isa = XCBuildConfiguration;
			buildSettings = {
				ALWAYS_SEARCH_USER_PATHS = NO;
				CLANG_CXX_LANGUAGE_STANDARD = "gnu++0x";
				CLANG_CXX_LIBRARY = "libc++";
				CLANG_ENABLE_MODULES = YES;
				CLANG_ENABLE_OBJC_ARC = YES;
				CLANG_WARN_BOOL_CONVERSION = YES;
				CLANG_WARN_CONSTANT_CONVERSION = YES;
				CLANG_WARN_DIRECT_OBJC_ISA_USAGE = YES_ERROR;
				CLANG_WARN_EMPTY_BODY = YES;
				CLANG_WARN_ENUM_CONVERSION = YES;
				CLANG_WARN_INT_CONVERSION = YES;
				CLANG_WARN_OBJC_ROOT_CLASS = YES_ERROR;
				CLANG_WARN_UNREACHABLE_CODE = YES;
				CLANG_WARN__DUPLICATE_METHOD_MATCH = YES;
				"CODE_SIGN_IDENTITY[sdk=iphoneos*]" = "iPhone Developer";
				COPY_PHASE_STRIP = NO;
				ENABLE_STRICT_OBJC_MSGSEND = YES;
				GCC_C_LANGUAGE_STANDARD = gnu99;
				GCC_DYNAMIC_NO_PIC = NO;
				GCC_OPTIMIZATION_LEVEL = 0;
				GCC_PREPROCESSOR_DEFINITIONS = (
					"DEBUG=1",
					"$(inherited)",
				);
				GCC_SYMBOLS_PRIVATE_EXTERN = NO;
				GCC_WARN_64_TO_32_BIT_CONVERSION = YES;
				GCC_WARN_ABOUT_RETURN_TYPE = YES_ERROR;
				GCC_WARN_UNDECLARED_SELECTOR = YES;
				GCC_WARN_UNINITIALIZED_AUTOS = YES_AGGRESSIVE;
				GCC_WARN_UNUSED_FUNCTION = YES;
				GCC_WARN_UNUSED_VARIABLE = YES;
				IPHONEOS_DEPLOYMENT_TARGET = 8.1;
				MTL_ENABLE_DEBUG_INFO = YES;
				ONLY_ACTIVE_ARCH = YES;
				SDKROOT = iphoneos;
			};
			name = Debug;
		};
		6F707EB11A319C9C0062573F /* Release */ = {
			isa = XCBuildConfiguration;
			buildSettings = {
				ALWAYS_SEARCH_USER_PATHS = NO;
				CLANG_CXX_LANGUAGE_STANDARD = "gnu++0x";
				CLANG_CXX_LIBRARY = "libc++";
				CLANG_ENABLE_MODULES = YES;
				CLANG_ENABLE_OBJC_ARC = YES;
				CLANG_WARN_BOOL_CONVERSION = YES;
				CLANG_WARN_CONSTANT_CONVERSION = YES;
				CLANG_WARN_DIRECT_OBJC_ISA_USAGE = YES_ERROR;
				CLANG_WARN_EMPTY_BODY = YES;
				CLANG_WARN_ENUM_CONVERSION = YES;
				CLANG_WARN_INT_CONVERSION = YES;
				CLANG_WARN_OBJC_ROOT_CLASS = YES_ERROR;
				CLANG_WARN_UNREACHABLE_CODE = YES;
				CLANG_WARN__DUPLICATE_METHOD_MATCH = YES;
				"CODE_SIGN_IDENTITY[sdk=iphoneos*]" = "iPhone Developer";
				COPY_PHASE_STRIP = YES;
				ENABLE_NS_ASSERTIONS = NO;
				ENABLE_STRICT_OBJC_MSGSEND = YES;
				GCC_C_LANGUAGE_STANDARD = gnu99;
				GCC_WARN_64_TO_32_BIT_CONVERSION = YES;
				GCC_WARN_ABOUT_RETURN_TYPE = YES_ERROR;
				GCC_WARN_UNDECLARED_SELECTOR = YES;
				GCC_WARN_UNINITIALIZED_AUTOS = YES_AGGRESSIVE;
				GCC_WARN_UNUSED_FUNCTION = YES;
				GCC_WARN_UNUSED_VARIABLE = YES;
				IPHONEOS_DEPLOYMENT_TARGET = 8.1;
				MTL_ENABLE_DEBUG_INFO = NO;
				SDKROOT = iphoneos;
				VALIDATE_PRODUCT = YES;
			};
			name = Release;
		};
		6F707EB31A319C9C0062573F /* Debug */ = {
			isa = XCBuildConfiguration;
			buildSettings = {
				ASSETCATALOG_COMPILER_APPICON_NAME = AppIcon;
				INFOPLIST_FILE = TeamMembersApp/Info.plist;
				LD_RUNPATH_SEARCH_PATHS = "$(inherited) @executable_path/Frameworks";
				PRODUCT_NAME = "$(TARGET_NAME)";
			};
			name = Debug;
		};
		6F707EB41A319C9C0062573F /* Release */ = {
			isa = XCBuildConfiguration;
			buildSettings = {
				ASSETCATALOG_COMPILER_APPICON_NAME = AppIcon;
				INFOPLIST_FILE = TeamMembersApp/Info.plist;
				LD_RUNPATH_SEARCH_PATHS = "$(inherited) @executable_path/Frameworks";
				PRODUCT_NAME = "$(TARGET_NAME)";
			};
			name = Release;
		};
		6F707EB61A319C9C0062573F /* Debug */ = {
			isa = XCBuildConfiguration;
			buildSettings = {
				BUNDLE_LOADER = "$(TEST_HOST)";
				FRAMEWORK_SEARCH_PATHS = (
					"$(SDKROOT)/Developer/Library/Frameworks",
					"$(inherited)",
				);
				GCC_PREPROCESSOR_DEFINITIONS = (
					"DEBUG=1",
					"$(inherited)",
				);
				INFOPLIST_FILE = TeamMembersAppTests/Info.plist;
				LD_RUNPATH_SEARCH_PATHS = "$(inherited) @executable_path/Frameworks @loader_path/Frameworks";
				PRODUCT_NAME = "$(TARGET_NAME)";
				TEST_HOST = "$(BUILT_PRODUCTS_DIR)/TeamMembersApp.app/TeamMembersApp";
			};
			name = Debug;
		};
		6F707EB71A319C9C0062573F /* Release */ = {
			isa = XCBuildConfiguration;
			buildSettings = {
				BUNDLE_LOADER = "$(TEST_HOST)";
				FRAMEWORK_SEARCH_PATHS = (
					"$(SDKROOT)/Developer/Library/Frameworks",
					"$(inherited)",
				);
				INFOPLIST_FILE = TeamMembersAppTests/Info.plist;
				LD_RUNPATH_SEARCH_PATHS = "$(inherited) @executable_path/Frameworks @loader_path/Frameworks";
				PRODUCT_NAME = "$(TARGET_NAME)";
				TEST_HOST = "$(BUILT_PRODUCTS_DIR)/TeamMembersApp.app/TeamMembersApp";
			};
			name = Release;
		};
/* End XCBuildConfiguration section */

/* Begin XCConfigurationList section */
		6F707E8A1A319C9B0062573F /* Build configuration list for PBXProject "TeamMembersApp" */ = {
			isa = XCConfigurationList;
			buildConfigurations = (
				6F707EB01A319C9C0062573F /* Debug */,
				6F707EB11A319C9C0062573F /* Release */,
			);
			defaultConfigurationIsVisible = 0;
			defaultConfigurationName = Release;
		};
		6F707EB21A319C9C0062573F /* Build configuration list for PBXNativeTarget "TeamMembersApp" */ = {
			isa = XCConfigurationList;
			buildConfigurations = (
				6F707EB31A319C9C0062573F /* Debug */,
				6F707EB41A319C9C0062573F /* Release */,
			);
			defaultConfigurationIsVisible = 0;
		};
		6F707EB51A319C9C0062573F /* Build configuration list for PBXNativeTarget "TeamMembersAppTests" */ = {
			isa = XCConfigurationList;
			buildConfigurations = (
				6F707EB61A319C9C0062573F /* Debug */,
				6F707EB71A319C9C0062573F /* Release */,
			);
			defaultConfigurationIsVisible = 0;
		};
/* End XCConfigurationList section */
	};
	rootObject = 6F707E871A319C9B0062573F /* Project object */;
}
